// !$*UTF8*$!
{
	archiveVersion = 1;
	classes = {
	};
	objectVersion = 77;
	objects = {

/* Begin PBXContainerItemProxy section */
		096B04082FCD05DC004A96A3 /* PBXContainerItemProxy */ = {
			isa = PBXContainerItemProxy;
			containerPortal = 096B03F22FCD05D9004A96A3 /* Project object */;
			proxyType = 1;
			remoteGlobalIDString = 096B03F92FCD05D9004A96A3;
			remoteInfo = CogniLink;
		};
		096B04122FCD05DC004A96A3 /* PBXContainerItemProxy */ = {
			isa = PBXContainerItemProxy;
			containerPortal = 096B03F22FCD05D9004A96A3 /* Project object */;
			proxyType = 1;
			remoteGlobalIDString = 096B03F92FCD05D9004A96A3;
			remoteInfo = CogniLink;
		};
		09987EC92FE46B5600EDF7C1 /* PBXContainerItemProxy */ = {
			isa = PBXContainerItemProxy;
			containerPortal = 096B03F22FCD05D9004A96A3 /* Project object */;
			proxyType = 1;
			remoteGlobalIDString = 09987EB62FE46B5300EDF7C1;
			remoteInfo = ClarityTV;
		};
		09987ED32FE46B5600EDF7C1 /* PBXContainerItemProxy */ = {
			isa = PBXContainerItemProxy;
			containerPortal = 096B03F22FCD05D9004A96A3 /* Project object */;
			proxyType = 1;
			remoteGlobalIDString = 09987EB62FE46B5300EDF7C1;
			remoteInfo = ClarityTV;
		};
/* End PBXContainerItemProxy section */

/* Begin PBXFileReference section */
		096B03FA2FCD05D9004A96A3 /* CogniLink.app */ = {isa = PBXFileReference; explicitFileType = wrapper.application; includeInIndex = 0; path = CogniLink.app; sourceTree = BUILT_PRODUCTS_DIR; };
		096B04072FCD05DC004A96A3 /* CogniLinkTests.xctest */ = {isa = PBXFileReference; explicitFileType = wrapper.cfbundle; includeInIndex = 0; path = CogniLinkTests.xctest; sourceTree = BUILT_PRODUCTS_DIR; };
		096B04112FCD05DC004A96A3 /* CogniLinkUITests.xctest */ = {isa = PBXFileReference; explicitFileType = wrapper.cfbundle; includeInIndex = 0; path = CogniLinkUITests.xctest; sourceTree = BUILT_PRODUCTS_DIR; };
		09987EB72FE46B5300EDF7C1 /* ClarityTV.app */ = {isa = PBXFileReference; explicitFileType = wrapper.application; includeInIndex = 0; path = ClarityTV.app; sourceTree = BUILT_PRODUCTS_DIR; };
		09987EC82FE46B5600EDF7C1 /* ClarityTVTests.xctest */ = {isa = PBXFileReference; explicitFileType = wrapper.cfbundle; includeInIndex = 0; path = ClarityTVTests.xctest; sourceTree = BUILT_PRODUCTS_DIR; };
		09987ED22FE46B5600EDF7C1 /* ClarityTVUITests.xctest */ = {isa = PBXFileReference; explicitFileType = wrapper.cfbundle; includeInIndex = 0; path = ClarityTVUITests.xctest; sourceTree = BUILT_PRODUCTS_DIR; };
/* End PBXFileReference section */

/* Begin PBXFileSystemSynchronizedRootGroup section */
		096B03FC2FCD05D9004A96A3 /* CogniLink */ = {
			isa = PBXFileSystemSynchronizedRootGroup;
			path = CogniLink;
			sourceTree = "<group>";
		};
		096B040A2FCD05DC004A96A3 /* CogniLinkTests */ = {
			isa = PBXFileSystemSynchronizedRootGroup;
			path = CogniLinkTests;
			sourceTree = "<group>";
		};
		096B04142FCD05DC004A96A3 /* CogniLinkUITests */ = {
			isa = PBXFileSystemSynchronizedRootGroup;
			path = CogniLinkUITests;
			sourceTree = "<group>";
		};
		09987EB82FE46B5300EDF7C1 /* ClarityTV */ = {
			isa = PBXFileSystemSynchronizedRootGroup;
			path = ClarityTV;
			sourceTree = "<group>";
		};
		09987ECB2FE46B5600EDF7C1 /* ClarityTVTests */ = {
			isa = PBXFileSystemSynchronizedRootGroup;
			path = ClarityTVTests;
			sourceTree = "<group>";
		};
		09987ED52FE46B5600EDF7C1 /* ClarityTVUITests */ = {
			isa = PBXFileSystemSynchronizedRootGroup;
			path = ClarityTVUITests;
			sourceTree = "<group>";
		};
/* End PBXFileSystemSynchronizedRootGroup section */

/* Begin PBXFrameworksBuildPhase section */
		096B03F72FCD05D9004A96A3 /* Frameworks */ = {
			isa = PBXFrameworksBuildPhase;
			buildActionMask = 2147483647;
			files = (
			);
			runOnlyForDeploymentPostprocessing = 0;
		};
		096B04042FCD05DC004A96A3 /* Frameworks */ = {
			isa = PBXFrameworksBuildPhase;
			buildActionMask = 2147483647;
			files = (
			);
			runOnlyForDeploymentPostprocessing = 0;
		};
		096B040E2FCD05DC004A96A3 /* Frameworks */ = {
			isa = PBXFrameworksBuildPhase;
			buildActionMask = 2147483647;
			files = (
			);
			runOnlyForDeploymentPostprocessing = 0;
		};
		09987EB42FE46B5300EDF7C1 /* Frameworks */ = {
			isa = PBXFrameworksBuildPhase;
			buildActionMask = 2147483647;
			files = (
			);
			runOnlyForDeploymentPostprocessing = 0;
		};
		09987EC52FE46B5600EDF7C1 /* Frameworks */ = {
			isa = PBXFrameworksBuildPhase;
			buildActionMask = 2147483647;
			files = (
			);
			runOnlyForDeploymentPostprocessing = 0;
		};
		09987ECF2FE46B5600EDF7C1 /* Frameworks */ = {
			isa = PBXFrameworksBuildPhase;
			buildActionMask = 2147483647;
			files = (
			);
			runOnlyForDeploymentPostprocessing = 0;
		};
/* End PBXFrameworksBuildPhase section */

/* Begin PBXGroup section */
		096B03F12FCD05D9004A96A3 = {
			isa = PBXGroup;
			children = (
				096B03FC2FCD05D9004A96A3 /* CogniLink */,
				096B040A2FCD05DC004A96A3 /* CogniLinkTests */,
				096B04142FCD05DC004A96A3 /* CogniLinkUITests */,
				09987EB82FE46B5300EDF7C1 /* ClarityTV */,
				09987ECB2FE46B5600EDF7C1 /* ClarityTVTests */,
				09987ED52FE46B5600EDF7C1 /* ClarityTVUITests */,
				096B03FB2FCD05D9004A96A3 /* Products */,
			);
			sourceTree = "<group>";
		};
		096B03FB2FCD05D9004A96A3 /* Products */ = {
			isa = PBXGroup;
			children = (
				096B03FA2FCD05D9004A96A3 /* CogniLink.app */,
				096B04072FCD05DC004A96A3 /* CogniLinkTests.xctest */,
				096B04112FCD05DC004A96A3 /* CogniLinkUITests.xctest */,
				09987EB72FE46B5300EDF7C1 /* ClarityTV.app */,
				09987EC82FE46B5600EDF7C1 /* ClarityTVTests.xctest */,
				09987ED22FE46B5600EDF7C1 /* ClarityTVUITests.xctest */,
			);
			name = Products;
			sourceTree = "<group>";
		};
/* End PBXGroup section */

/* Begin PBXNativeTarget section */
		096B03F92FCD05D9004A96A3 /* CogniLink */ = {
			isa = PBXNativeTarget;
			buildConfigurationList = 096B041B2FCD05DC004A96A3 /* Build configuration list for PBXNativeTarget "CogniLink" */;
			buildPhases = (
				096B03F62FCD05D9004A96A3 /* Sources */,
				096B03F72FCD05D9004A96A3 /* Frameworks */,
				096B03F82FCD05D9004A96A3 /* Resources */,
			);
			buildRules = (
			);
			dependencies = (
			);
			fileSystemSynchronizedGroups = (
				096B03FC2FCD05D9004A96A3 /* CogniLink */,
			);
			name = CogniLink;
			packageProductDependencies = (
			);
			productName = CogniLink;
			productReference = 096B03FA2FCD05D9004A96A3 /* CogniLink.app */;
			productType = "com.apple.product-type.application";
		};
		096B04062FCD05DC004A96A3 /* CogniLinkTests */ = {
			isa = PBXNativeTarget;
			buildConfigurationList = 096B041E2FCD05DC004A96A3 /* Build configuration list for PBXNativeTarget "CogniLinkTests" */;
			buildPhases = (
				096B04032FCD05DC004A96A3 /* Sources */,
				096B04042FCD05DC004A96A3 /* Frameworks */,
				096B04052FCD05DC004A96A3 /* Resources */,
			);
			buildRules = (
			);
			dependencies = (
				096B04092FCD05DC004A96A3 /* PBXTargetDependency */,
			);
			fileSystemSynchronizedGroups = (
				096B040A2FCD05DC004A96A3 /* CogniLinkTests */,
			);
			name = CogniLinkTests;
			packageProductDependencies = (
			);
			productName = CogniLinkTests;
			productReference = 096B04072FCD05DC004A96A3 /* CogniLinkTests.xctest */;
			productType = "com.apple.product-type.bundle.unit-test";
		};
		096B04102FCD05DC004A96A3 /* CogniLinkUITests */ = {
			isa = PBXNativeTarget;
			buildConfigurationList = 096B04212FCD05DC004A96A3 /* Build configuration list for PBXNativeTarget "CogniLinkUITests" */;
			buildPhases = (
				096B040D2FCD05DC004A96A3 /* Sources */,
				096B040E2FCD05DC004A96A3 /* Frameworks */,
				096B040F2FCD05DC004A96A3 /* Resources */,
			);
			buildRules = (
			);
			dependencies = (
				096B04132FCD05DC004A96A3 /* PBXTargetDependency */,
			);
			fileSystemSynchronizedGroups = (
				096B04142FCD05DC004A96A3 /* CogniLinkUITests */,
			);
			name = CogniLinkUITests;
			packageProductDependencies = (
			);
			productName = CogniLinkUITests;
			productReference = 096B04112FCD05DC004A96A3 /* CogniLinkUITests.xctest */;
			productType = "com.apple.product-type.bundle.ui-testing";
		};
		09987EB62FE46B5300EDF7C1 /* ClarityTV */ = {
			isa = PBXNativeTarget;
			buildConfigurationList = 09987EDE2FE46B5600EDF7C1 /* Build configuration list for PBXNativeTarget "ClarityTV" */;
			buildPhases = (
				09987EB32FE46B5300EDF7C1 /* Sources */,
				09987EB42FE46B5300EDF7C1 /* Frameworks */,
				09987EB52FE46B5300EDF7C1 /* Resources */,
			);
			buildRules = (
			);
			dependencies = (
			);
			fileSystemSynchronizedGroups = (
				096B03FC2FCD05D9004A96A3 /* CogniLink */,
				09987EB82FE46B5300EDF7C1 /* ClarityTV */,
			);
			name = ClarityTV;
			packageProductDependencies = (
			);
			productName = ClarityTV;
			productReference = 09987EB72FE46B5300EDF7C1 /* ClarityTV.app */;
			productType = "com.apple.product-type.application";
		};
		09987EC72FE46B5600EDF7C1 /* ClarityTVTests */ = {
			isa = PBXNativeTarget;
			buildConfigurationList = 09987EDF2FE46B5600EDF7C1 /* Build configuration list for PBXNativeTarget "ClarityTVTests" */;
			buildPhases = (
				09987EC42FE46B5600EDF7C1 /* Sources */,
				09987EC52FE46B5600EDF7C1 /* Frameworks */,
				09987EC62FE46B5600EDF7C1 /* Resources */,
			);
			buildRules = (
			);
			dependencies = (
				09987ECA2FE46B5600EDF7C1 /* PBXTargetDependency */,
			);
			fileSystemSynchronizedGroups = (
				09987ECB2FE46B5600EDF7C1 /* ClarityTVTests */,
			);
			name = ClarityTVTests;
			packageProductDependencies = (
			);
			productName = ClarityTVTests;
			productReference = 09987EC82FE46B5600EDF7C1 /* ClarityTVTests.xctest */;
			productType = "com.apple.product-type.bundle.unit-test";
		};
		09987ED12FE46B5600EDF7C1 /* ClarityTVUITests */ = {
			isa = PBXNativeTarget;
			buildConfigurationList = 09987EE02FE46B5600EDF7C1 /* Build configuration list for PBXNativeTarget "ClarityTVUITests" */;
			buildPhases = (
				09987ECE2FE46B5600EDF7C1 /* Sources */,
				09987ECF2FE46B5600EDF7C1 /* Frameworks */,
				09987ED02FE46B5600EDF7C1 /* Resources */,
			);
			buildRules = (
			);
			dependencies = (
				09987ED42FE46B5600EDF7C1 /* PBXTargetDependency */,
			);
			fileSystemSynchronizedGroups = (
				09987ED52FE46B5600EDF7C1 /* ClarityTVUITests */,
			);
			name = ClarityTVUITests;
			packageProductDependencies = (
			);
			productName = ClarityTVUITests;
			productReference = 09987ED22FE46B5600EDF7C1 /* ClarityTVUITests.xctest */;
			productType = "com.apple.product-type.bundle.ui-testing";
		};
/* End PBXNativeTarget section */

/* Begin PBXProject section */
		096B03F22FCD05D9004A96A3 /* Project object */ = {
			isa = PBXProject;
			attributes = {
				BuildIndependentTargetsInParallel = 1;
				LastSwiftUpdateCheck = 2700;
				LastUpgradeCheck = 2700;
				TargetAttributes = {
					096B03F92FCD05D9004A96A3 = {
						CreatedOnToolsVersion = 26.5;
					};
					096B04062FCD05DC004A96A3 = {
						CreatedOnToolsVersion = 26.5;
						TestTargetID = 096B03F92FCD05D9004A96A3;
					};
					096B04102FCD05DC004A96A3 = {
						CreatedOnToolsVersion = 26.5;
						TestTargetID = 096B03F92FCD05D9004A96A3;
					};
					09987EB62FE46B5300EDF7C1 = {
						CreatedOnToolsVersion = 27.0;
					};
					09987EC72FE46B5600EDF7C1 = {
						CreatedOnToolsVersion = 27.0;
						TestTargetID = 09987EB62FE46B5300EDF7C1;
					};
					09987ED12FE46B5600EDF7C1 = {
						CreatedOnToolsVersion = 27.0;
						TestTargetID = 09987EB62FE46B5300EDF7C1;
					};
				};
			};
			buildConfigurationList = 096B03F52FCD05D9004A96A3 /* Build configuration list for PBXProject "CogniLink" */;
			developmentRegion = en;
			hasScannedForEncodings = 0;
			knownRegions = (
				en,
				Base,
			);
			mainGroup = 096B03F12FCD05D9004A96A3;
			minimizedProjectReferenceProxies = 1;
			preferredProjectObjectVersion = 77;
			productRefGroup = 096B03FB2FCD05D9004A96A3 /* Products */;
			projectDirPath = "";
			projectRoot = "";
			targets = (
				096B03F92FCD05D9004A96A3 /* CogniLink */,
				096B04062FCD05DC004A96A3 /* CogniLinkTests */,
				096B04102FCD05DC004A96A3 /* CogniLinkUITests */,
				09987EB62FE46B5300EDF7C1 /* ClarityTV */,
				09987EC72FE46B5600EDF7C1 /* ClarityTVTests */,
				09987ED12FE46B5600EDF7C1 /* ClarityTVUITests */,
			);
		};
/* End PBXProject section */

/* Begin PBXResourcesBuildPhase section */
		096B03F82FCD05D9004A96A3 /* Resources */ = {
			isa = PBXResourcesBuildPhase;
			buildActionMask = 2147483647;
			files = (
			);
			runOnlyForDeploymentPostprocessing = 0;
		};
		096B04052FCD05DC004A96A3 /* Resources */ = {
			isa = PBXResourcesBuildPhase;
			buildActionMask = 2147483647;
			files = (
			);
			runOnlyForDeploymentPostprocessing = 0;
		};
		096B040F2FCD05DC004A96A3 /* Resources */ = {
			isa = PBXResourcesBuildPhase;
			buildActionMask = 2147483647;
			files = (
			);
			runOnlyForDeploymentPostprocessing = 0;
		};
		09987EB52FE46B5300EDF7C1 /* Resources */ = {
			isa = PBXResourcesBuildPhase;
			buildActionMask = 2147483647;
			files = (
			);
			runOnlyForDeploymentPostprocessing = 0;
		};
		09987EC62FE46B5600EDF7C1 /* Resources */ = {
			isa = PBXResourcesBuildPhase;
			buildActionMask = 2147483647;
			files = (
			);
			runOnlyForDeploymentPostprocessing = 0;
		};
		09987ED02FE46B5600EDF7C1 /* Resources */ = {
			isa = PBXResourcesBuildPhase;
			buildActionMask = 2147483647;
			files = (
			);
			runOnlyForDeploymentPostprocessing = 0;
		};
/* End PBXResourcesBuildPhase section */

/* Begin PBXSourcesBuildPhase section */
		096B03F62FCD05D9004A96A3 /* Sources */ = {
			isa = PBXSourcesBuildPhase;
			buildActionMask = 2147483647;
			files = (
			);
			runOnlyForDeploymentPostprocessing = 0;
		};
		096B04032FCD05DC004A96A3 /* Sources */ = {
			isa = PBXSourcesBuildPhase;
			buildActionMask = 2147483647;
			files = (
			);
			runOnlyForDeploymentPostprocessing = 0;
		};
		096B040D2FCD05DC004A96A3 /* Sources */ = {
			isa = PBXSourcesBuildPhase;
			buildActionMask = 2147483647;
			files = (
			);
			runOnlyForDeploymentPostprocessing = 0;
		};
		09987EB32FE46B5300EDF7C1 /* Sources */ = {
			isa = PBXSourcesBuildPhase;
			buildActionMask = 2147483647;
			files = (
			);
			runOnlyForDeploymentPostprocessing = 0;
		};
		09987EC42FE46B5600EDF7C1 /* Sources */ = {
			isa = PBXSourcesBuildPhase;
			buildActionMask = 2147483647;
			files = (
			);
			runOnlyForDeploymentPostprocessing = 0;
		};
		09987ECE2FE46B5600EDF7C1 /* Sources */ = {
			isa = PBXSourcesBuildPhase;
			buildActionMask = 2147483647;
			files = (
			);
			runOnlyForDeploymentPostprocessing = 0;
		};
/* End PBXSourcesBuildPhase section */

/* Begin PBXTargetDependency section */
		096B04092FCD05DC004A96A3 /* PBXTargetDependency */ = {
			isa = PBXTargetDependency;
			target = 096B03F92FCD05D9004A96A3 /* CogniLink */;
			targetProxy = 096B04082FCD05DC004A96A3 /* PBXContainerItemProxy */;
		};
		096B04132FCD05DC004A96A3 /* PBXTargetDependency */ = {
			isa = PBXTargetDependency;
			target = 096B03F92FCD05D9004A96A3 /* CogniLink */;
			targetProxy = 096B04122FCD05DC004A96A3 /* PBXContainerItemProxy */;
		};
		09987ECA2FE46B5600EDF7C1 /* PBXTargetDependency */ = {
			isa = PBXTargetDependency;
			target = 09987EB62FE46B5300EDF7C1 /* ClarityTV */;
			targetProxy = 09987EC92FE46B5600EDF7C1 /* PBXContainerItemProxy */;
		};
		09987ED42FE46B5600EDF7C1 /* PBXTargetDependency */ = {
			isa = PBXTargetDependency;
			target = 09987EB62FE46B5300EDF7C1 /* ClarityTV */;
			targetProxy = 09987ED32FE46B5600EDF7C1 /* PBXContainerItemProxy */;
		};
/* End PBXTargetDependency section */

/* Begin XCBuildConfiguration section */
		096B04192FCD05DC004A96A3 /* Debug */ = {
			isa = XCBuildConfiguration;
			buildSettings = {
				ALWAYS_SEARCH_USER_PATHS = NO;
				ASSETCATALOG_COMPILER_GENERATE_SWIFT_ASSET_SYMBOL_EXTENSIONS = YES;
				CLANG_ANALYZER_NONNULL = YES;
				CLANG_ANALYZER_NUMBER_OBJECT_CONVERSION = YES_AGGRESSIVE;
				CLANG_CXX_LANGUAGE_STANDARD = "gnu++20";
				CLANG_ENABLE_MODULES = YES;
				CLANG_ENABLE_OBJC_ARC = YES;
				CLANG_ENABLE_OBJC_WEAK = YES;
				CLANG_WARN_BLOCK_CAPTURE_AUTORELEASING = YES;
				CLANG_WARN_BOOL_CONVERSION = YES;
				CLANG_WARN_COMMA = YES;
				CLANG_WARN_CONSTANT_CONVERSION = YES;
				CLANG_WARN_DEPRECATED_OBJC_IMPLEMENTATIONS = YES;
				CLANG_WARN_DIRECT_OBJC_ISA_USAGE = YES_ERROR;
				CLANG_WARN_DOCUMENTATION_COMMENTS = YES;
				CLANG_WARN_EMPTY_BODY = YES;
				CLANG_WARN_ENUM_CONVERSION = YES;
				CLANG_WARN_INFINITE_RECURSION = YES;
				CLANG_WARN_INT_CONVERSION = YES;
				CLANG_WARN_NON_LITERAL_NULL_CONVERSION = YES;
				CLANG_WARN_OBJC_IMPLICIT_RETAIN_SELF = YES;
				CLANG_WARN_OBJC_LITERAL_CONVERSION = YES;
				CLANG_WARN_OBJC_ROOT_CLASS = YES_ERROR;
				CLANG_WARN_QUOTED_INCLUDE_IN_FRAMEWORK_HEADER = YES;
				CLANG_WARN_RANGE_LOOP_ANALYSIS = YES;
				CLANG_WARN_STRICT_PROTOTYPES = YES;
				CLANG_WARN_SUSPICIOUS_MOVE = YES;
				CLANG_WARN_UNGUARDED_AVAILABILITY = YES_AGGRESSIVE;
				CLANG_WARN_UNREACHABLE_CODE = YES;
				CLANG_WARN__DUPLICATE_METHOD_MATCH = YES;
				COPY_PHASE_STRIP = NO;
				DEBUG_INFORMATION_FORMAT = dwarf;
				DEVELOPMENT_TEAM = 457KDWNT7S;
				ENABLE_STRICT_OBJC_MSGSEND = YES;
				ENABLE_TESTABILITY = YES;
				ENABLE_USER_SCRIPT_SANDBOXING = YES;
				GCC_C_LANGUAGE_STANDARD = gnu17;
				GCC_DYNAMIC_NO_PIC = NO;
				GCC_NO_COMMON_BLOCKS = YES;
				GCC_OPTIMIZATION_LEVEL = 0;
				GCC_PREPROCESSOR_DEFINITIONS = (
					"DEBUG=1",
					"$(inherited)",
				);
				GCC_WARN_64_TO_32_BIT_CONVERSION = YES;
				GCC_WARN_ABOUT_RETURN_TYPE = YES_ERROR;
				GCC_WARN_UNDECLARED_SELECTOR = YES;
				GCC_WARN_UNINITIALIZED_AUTOS = YES_AGGRESSIVE;
				GCC_WARN_UNUSED_FUNCTION = YES;
				GCC_WARN_UNUSED_VARIABLE = YES;
				IPHONEOS_DEPLOYMENT_TARGET = 26.5;
				LOCALIZATION_PREFERS_STRING_CATALOGS = YES;
				MTL_ENABLE_DEBUG_INFO = INCLUDE_SOURCE;
				MTL_FAST_MATH = YES;
				ONLY_ACTIVE_ARCH = YES;
				SDKROOT = iphoneos;
				STRING_CATALOG_GENERATE_SYMBOLS = YES;
				SWIFT_ACTIVE_COMPILATION_CONDITIONS = "DEBUG $(inherited)";
				SWIFT_OPTIMIZATION_LEVEL = "-Onone";
				TARGETED_DEVICE_FAMILY = All;
			};
			name = Debug;
		};
		096B041A2FCD05DC004A96A3 /* Release */ = {
			isa = XCBuildConfiguration;
			buildSettings = {
				ALWAYS_SEARCH_USER_PATHS = NO;
				ASSETCATALOG_COMPILER_GENERATE_SWIFT_ASSET_SYMBOL_EXTENSIONS = YES;
				CLANG_ANALYZER_NONNULL = YES;
				CLANG_ANALYZER_NUMBER_OBJECT_CONVERSION = YES_AGGRESSIVE;
				CLANG_CXX_LANGUAGE_STANDARD = "gnu++20";
				CLANG_ENABLE_MODULES = YES;
				CLANG_ENABLE_OBJC_ARC = YES;
				CLANG_ENABLE_OBJC_WEAK = YES;
				CLANG_WARN_BLOCK_CAPTURE_AUTORELEASING = YES;
				CLANG_WARN_BOOL_CONVERSION = YES;
				CLANG_WARN_COMMA = YES;
				CLANG_WARN_CONSTANT_CONVERSION = YES;
				CLANG_WARN_DEPRECATED_OBJC_IMPLEMENTATIONS = YES;
				CLANG_WARN_DIRECT_OBJC_ISA_USAGE = YES_ERROR;
				CLANG_WARN_DOCUMENTATION_COMMENTS = YES;
				CLANG_WARN_EMPTY_BODY = YES;
				CLANG_WARN_ENUM_CONVERSION = YES;
				CLANG_WARN_INFINITE_RECURSION = YES;
				CLANG_WARN_INT_CONVERSION = YES;
				CLANG_WARN_NON_LITERAL_NULL_CONVERSION = YES;
				CLANG_WARN_OBJC_IMPLICIT_RETAIN_SELF = YES;
				CLANG_WARN_OBJC_LITERAL_CONVERSION = YES;
				CLANG_WARN_OBJC_ROOT_CLASS = YES_ERROR;
				CLANG_WARN_QUOTED_INCLUDE_IN_FRAMEWORK_HEADER = YES;
				CLANG_WARN_RANGE_LOOP_ANALYSIS = YES;
				CLANG_WARN_STRICT_PROTOTYPES = YES;
				CLANG_WARN_SUSPICIOUS_MOVE = YES;
				CLANG_WARN_UNGUARDED_AVAILABILITY = YES_AGGRESSIVE;
				CLANG_WARN_UNREACHABLE_CODE = YES;
				CLANG_WARN__DUPLICATE_METHOD_MATCH = YES;
				COPY_PHASE_STRIP = NO;
				DEBUG_INFORMATION_FORMAT = "dwarf-with-dsym";
				DEVELOPMENT_TEAM = 457KDWNT7S;
				ENABLE_NS_ASSERTIONS = NO;
				ENABLE_STRICT_OBJC_MSGSEND = YES;
				ENABLE_USER_SCRIPT_SANDBOXING = YES;
				GCC_C_LANGUAGE_STANDARD = gnu17;
				GCC_NO_COMMON_BLOCKS = YES;
				GCC_WARN_64_TO_32_BIT_CONVERSION = YES;
				GCC_WARN_ABOUT_RETURN_TYPE = YES_ERROR;
				GCC_WARN_UNDECLARED_SELECTOR = YES;
				GCC_WARN_UNINITIALIZED_AUTOS = YES_AGGRESSIVE;
				GCC_WARN_UNUSED_FUNCTION = YES;
				GCC_WARN_UNUSED_VARIABLE = YES;
				IPHONEOS_DEPLOYMENT_TARGET = 26.5;
				LOCALIZATION_PREFERS_STRING_CATALOGS = YES;
				MTL_ENABLE_DEBUG_INFO = NO;
				MTL_FAST_MATH = YES;
				SDKROOT = iphoneos;
				STRING_CATALOG_GENERATE_SYMBOLS = YES;
				SWIFT_COMPILATION_MODE = wholemodule;
				TARGETED_DEVICE_FAMILY = All;
				VALIDATE_PRODUCT = YES;
			};
			name = Release;
		};
		096B041C2FCD05DC004A96A3 /* Debug */ = {
			isa = XCBuildConfiguration;
			buildSettings = {
				ASSETCATALOG_COMPILER_APPICON_NAME = AppIcon;
				ASSETCATALOG_COMPILER_GLOBAL_ACCENT_COLOR_NAME = AccentColor;
				CODE_SIGN_ENTITLEMENTS = CogniLink/CogniLink.entitlements;
				CODE_SIGN_STYLE = Automatic;
				CURRENT_PROJECT_VERSION = 3;
				DEVELOPMENT_TEAM = 457KDWNT7S;
				ENABLE_PREVIEWS = YES;
				GENERATE_INFOPLIST_FILE = YES;
				INFOPLIST_KEY_CFBundleDisplayName = Clarity;
				INFOPLIST_KEY_LSApplicationCategoryType = "public.app-category.medical";
				INFOPLIST_KEY_UIApplicationSceneManifest_Generation = YES;
				INFOPLIST_KEY_UIApplicationSupportsIndirectInputEvents = YES;
				INFOPLIST_KEY_UILaunchScreen_Generation = YES;
				INFOPLIST_KEY_UIRequiresFullScreen = YES;
				INFOPLIST_KEY_UISupportedInterfaceOrientations_iPad = "UIInterfaceOrientationPortrait UIInterfaceOrientationPortraitUpsideDown UIInterfaceOrientationLandscapeLeft UIInterfaceOrientationLandscapeRight";
				INFOPLIST_KEY_UISupportedInterfaceOrientations_iPhone = "UIInterfaceOrientationPortrait UIInterfaceOrientationLandscapeLeft UIInterfaceOrientationLandscapeRight";
				IPHONEOS_DEPLOYMENT_TARGET = 17.6;
				LD_RUNPATH_SEARCH_PATHS = (
					"$(inherited)",
					"@executable_path/Frameworks",
				);
				MARKETING_VERSION = 4.1;
				PRODUCT_BUNDLE_IDENTIFIER = Main.CogniLink;
				PRODUCT_NAME = "$(TARGET_NAME)";
				STRING_CATALOG_GENERATE_SYMBOLS = YES;
				SWIFT_APPROACHABLE_CONCURRENCY = YES;
				SWIFT_DEFAULT_ACTOR_ISOLATION = MainActor;
				SWIFT_EMIT_LOC_STRINGS = YES;
				SWIFT_UPCOMING_FEATURE_MEMBER_IMPORT_VISIBILITY = YES;
				SWIFT_VERSION = 5.0;
				TARGETED_DEVICE_FAMILY = "1,2";
			};
			name = Debug;
		};
		096B041D2FCD05DC004A96A3 /* Release */ = {
			isa = XCBuildConfiguration;
			buildSettings = {
				ASSETCATALOG_COMPILER_APPICON_NAME = AppIcon;
				ASSETCATALOG_COMPILER_GLOBAL_ACCENT_COLOR_NAME = AccentColor;
				CODE_SIGN_ENTITLEMENTS = CogniLink/CogniLink.entitlements;
				CODE_SIGN_STYLE = Automatic;
				CURRENT_PROJECT_VERSION = 3;
				DEVELOPMENT_TEAM = 457KDWNT7S;
				ENABLE_PREVIEWS = YES;
				GENERATE_INFOPLIST_FILE = YES;
				INFOPLIST_KEY_CFBundleDisplayName = Clarity;
				INFOPLIST_KEY_LSApplicationCategoryType = "public.app-category.medical";
				INFOPLIST_KEY_UIApplicationSceneManifest_Generation = YES;
				INFOPLIST_KEY_UIApplicationSupportsIndirectInputEvents = YES;
				INFOPLIST_KEY_UILaunchScreen_Generation = YES;
				INFOPLIST_KEY_UIRequiresFullScreen = YES;
				INFOPLIST_KEY_UISupportedInterfaceOrientations_iPad = "UIInterfaceOrientationPortrait UIInterfaceOrientationPortraitUpsideDown UIInterfaceOrientationLandscapeLeft UIInterfaceOrientationLandscapeRight";
				INFOPLIST_KEY_UISupportedInterfaceOrientations_iPhone = "UIInterfaceOrientationPortrait UIInterfaceOrientationLandscapeLeft UIInterfaceOrientationLandscapeRight";
				IPHONEOS_DEPLOYMENT_TARGET = 17.6;
				LD_RUNPATH_SEARCH_PATHS = (
					"$(inherited)",
					"@executable_path/Frameworks",
				);
				MARKETING_VERSION = 4.1;
				PRODUCT_BUNDLE_IDENTIFIER = Main.CogniLink;
				PRODUCT_NAME = "$(TARGET_NAME)";
				STRING_CATALOG_GENERATE_SYMBOLS = YES;
				SWIFT_APPROACHABLE_CONCURRENCY = YES;
				SWIFT_DEFAULT_ACTOR_ISOLATION = MainActor;
				SWIFT_EMIT_LOC_STRINGS = YES;
				SWIFT_UPCOMING_FEATURE_MEMBER_IMPORT_VISIBILITY = YES;
				SWIFT_VERSION = 5.0;
				TARGETED_DEVICE_FAMILY = "1,2";
			};
			name = Release;
		};
		096B041F2FCD05DC004A96A3 /* Debug */ = {
			isa = XCBuildConfiguration;
			buildSettings = {
				BUNDLE_LOADER = "$(TEST_HOST)";
				CODE_SIGN_STYLE = Automatic;
				CURRENT_PROJECT_VERSION = 1;
				DEVELOPMENT_TEAM = 457KDWNT7S;
				GENERATE_INFOPLIST_FILE = YES;
				IPHONEOS_DEPLOYMENT_TARGET = 26.5;
				MARKETING_VERSION = 1.0;
				PRODUCT_BUNDLE_IDENTIFIER = Main.CogniLinkTests;
				PRODUCT_NAME = "$(TARGET_NAME)";
				STRING_CATALOG_GENERATE_SYMBOLS = NO;
				SWIFT_APPROACHABLE_CONCURRENCY = YES;
				SWIFT_EMIT_LOC_STRINGS = NO;
				SWIFT_UPCOMING_FEATURE_MEMBER_IMPORT_VISIBILITY = YES;
				SWIFT_VERSION = 5.0;
				TARGETED_DEVICE_FAMILY = "1,2";
				TEST_HOST = "$(BUILT_PRODUCTS_DIR)/CogniLink.app/$(BUNDLE_EXECUTABLE_FOLDER_PATH)/CogniLink";
			};
			name = Debug;
		};
		096B04202FCD05DC004A96A3 /* Release */ = {
			isa = XCBuildConfiguration;
			buildSettings = {
				BUNDLE_LOADER = "$(TEST_HOST)";
				CODE_SIGN_STYLE = Automatic;
				CURRENT_PROJECT_VERSION = 1;
				DEVELOPMENT_TEAM = 457KDWNT7S;
				GENERATE_INFOPLIST_FILE = YES;
				IPHONEOS_DEPLOYMENT_TARGET = 26.5;
				MARKETING_VERSION = 1.0;
				PRODUCT_BUNDLE_IDENTIFIER = Main.CogniLinkTests;
				PRODUCT_NAME = "$(TARGET_NAME)";
				STRING_CATALOG_GENERATE_SYMBOLS = NO;
				SWIFT_APPROACHABLE_CONCURRENCY = YES;
				SWIFT_EMIT_LOC_STRINGS = NO;
				SWIFT_UPCOMING_FEATURE_MEMBER_IMPORT_VISIBILITY = YES;
				SWIFT_VERSION = 5.0;
				TARGETED_DEVICE_FAMILY = "1,2";
				TEST_HOST = "$(BUILT_PRODUCTS_DIR)/CogniLink.app/$(BUNDLE_EXECUTABLE_FOLDER_PATH)/CogniLink";
			};
			name = Release;
		};
		096B04222FCD05DC004A96A3 /* Debug */ = {
			isa = XCBuildConfiguration;
			buildSettings = {
				CODE_SIGN_STYLE = Automatic;
				CURRENT_PROJECT_VERSION = 1;
				DEVELOPMENT_TEAM = 457KDWNT7S;
				GENERATE_INFOPLIST_FILE = YES;
				MARKETING_VERSION = 1.0;
				PRODUCT_BUNDLE_IDENTIFIER = Main.CogniLinkUITests;
				PRODUCT_NAME = "$(TARGET_NAME)";
				STRING_CATALOG_GENERATE_SYMBOLS = NO;
				SWIFT_APPROACHABLE_CONCURRENCY = YES;
				SWIFT_EMIT_LOC_STRINGS = NO;
				SWIFT_UPCOMING_FEATURE_MEMBER_IMPORT_VISIBILITY = YES;
				SWIFT_VERSION = 5.0;
				TARGETED_DEVICE_FAMILY = "1,2";
				TEST_TARGET_NAME = CogniLink;
			};
			name = Debug;
		};
		096B04232FCD05DC004A96A3 /* Release */ = {
			isa = XCBuildConfiguration;
			buildSettings = {
				CODE_SIGN_STYLE = Automatic;
				CURRENT_PROJECT_VERSION = 1;
				DEVELOPMENT_TEAM = 457KDWNT7S;
				GENERATE_INFOPLIST_FILE = YES;
				MARKETING_VERSION = 1.0;
				PRODUCT_BUNDLE_IDENTIFIER = Main.CogniLinkUITests;
				PRODUCT_NAME = "$(TARGET_NAME)";
				STRING_CATALOG_GENERATE_SYMBOLS = NO;
				SWIFT_APPROACHABLE_CONCURRENCY = YES;
				SWIFT_EMIT_LOC_STRINGS = NO;
				SWIFT_UPCOMING_FEATURE_MEMBER_IMPORT_VISIBILITY = YES;
				SWIFT_VERSION = 5.0;
				TARGETED_DEVICE_FAMILY = "1,2";
				TEST_TARGET_NAME = CogniLink;
			};
			name = Release;
		};
		09987ED82FE46B5600EDF7C1 /* Debug */ = {
			isa = XCBuildConfiguration;
			buildSettings = {
				ASSETCATALOG_COMPILER_APPICON_NAME = "App Icon & Top Shelf Image";
				ASSETCATALOG_COMPILER_GLOBAL_ACCENT_COLOR_NAME = AccentColor;
				CODE_SIGN_ENTITLEMENTS = ClarityTV/ClarityTV.entitlements;
				CODE_SIGN_IDENTITY = "Apple Development";
				CODE_SIGN_STYLE = Automatic;
				CURRENT_PROJECT_VERSION = 1;
				DEVELOPMENT_TEAM = 457KDWNT7S;
				ENABLE_PREVIEWS = YES;
				GENERATE_INFOPLIST_FILE = YES;
				INFOPLIST_KEY_CFBundleDisplayName = Clarity;
				INFOPLIST_KEY_LSApplicationCategoryType = "public.app-category.medical";
				INFOPLIST_KEY_UILaunchStoryboardName = LaunchScreen;
				LD_RUNPATH_SEARCH_PATHS = (
					"$(inherited)",
					"@executable_path/Frameworks",
				);
				MARKETING_VERSION = 4.0;
				PRODUCT_BUNDLE_IDENTIFIER = Main.ClarityTV;
				PRODUCT_NAME = "$(TARGET_NAME)";
				PROVISIONING_PROFILE_SPECIFIER = "";
				SDKROOT = appletvos;
				STRING_CATALOG_GENERATE_SYMBOLS = YES;
				SWIFT_APPROACHABLE_CONCURRENCY = YES;
				SWIFT_DEFAULT_ACTOR_ISOLATION = MainActor;
				SWIFT_EMIT_LOC_STRINGS = YES;
				SWIFT_UPCOMING_FEATURE_MEMBER_IMPORT_VISIBILITY = YES;
				SWIFT_VERSION = 5.0;
				TARGETED_DEVICE_FAMILY = 3;
				TVOS_DEPLOYMENT_TARGET = 17.6;
			};
			name = Debug;
		};
		09987ED92FE46B5600EDF7C1 /* Release */ = {
			isa = XCBuildConfiguration;
			buildSettings = {
				ASSETCATALOG_COMPILER_APPICON_NAME = "App Icon & Top Shelf Image";
				ASSETCATALOG_COMPILER_GLOBAL_ACCENT_COLOR_NAME = AccentColor;
				CODE_SIGN_ENTITLEMENTS = ClarityTV/ClarityTV.entitlements;
				CODE_SIGN_IDENTITY = "Apple Development";
				CODE_SIGN_STYLE = Automatic;
				CURRENT_PROJECT_VERSION = 1;
				DEVELOPMENT_TEAM = 457KDWNT7S;
				ENABLE_PREVIEWS = YES;
				GENERATE_INFOPLIST_FILE = YES;
				INFOPLIST_KEY_CFBundleDisplayName = Clarity;
				INFOPLIST_KEY_LSApplicationCategoryType = "public.app-category.medical";
				INFOPLIST_KEY_UILaunchStoryboardName = LaunchScreen;
				LD_RUNPATH_SEARCH_PATHS = (
					"$(inherited)",
					"@executable_path/Frameworks",
				);
				MARKETING_VERSION = 4.0;
				PRODUCT_BUNDLE_IDENTIFIER = Main.ClarityTV;
				PRODUCT_NAME = "$(TARGET_NAME)";
				PROVISIONING_PROFILE_SPECIFIER = "";
				SDKROOT = appletvos;
				STRING_CATALOG_GENERATE_SYMBOLS = YES;
				SWIFT_APPROACHABLE_CONCURRENCY = YES;
				SWIFT_DEFAULT_ACTOR_ISOLATION = MainActor;
				SWIFT_EMIT_LOC_STRINGS = YES;
				SWIFT_UPCOMING_FEATURE_MEMBER_IMPORT_VISIBILITY = YES;
				SWIFT_VERSION = 5.0;
				TARGETED_DEVICE_FAMILY = 3;
				TVOS_DEPLOYMENT_TARGET = 17.6;
			};
			name = Release;
		};
		09987EDA2FE46B5600EDF7C1 /* Debug */ = {
			isa = XCBuildConfiguration;
			buildSettings = {
				BUNDLE_LOADER = "$(TEST_HOST)";
				CODE_SIGN_STYLE = Automatic;
				CURRENT_PROJECT_VERSION = 1;
				DEVELOPMENT_TEAM = 457KDWNT7S;
				GENERATE_INFOPLIST_FILE = YES;
				MARKETING_VERSION = 1.0;
				PRODUCT_BUNDLE_IDENTIFIER = Main.ClarityTVTests;
				PRODUCT_NAME = "$(TARGET_NAME)";
				SDKROOT = appletvos;
				STRING_CATALOG_GENERATE_SYMBOLS = NO;
				SWIFT_APPROACHABLE_CONCURRENCY = YES;
				SWIFT_EMIT_LOC_STRINGS = NO;
				SWIFT_UPCOMING_FEATURE_MEMBER_IMPORT_VISIBILITY = YES;
				SWIFT_VERSION = 5.0;
				TARGETED_DEVICE_FAMILY = 3;
				TEST_HOST = "$(BUILT_PRODUCTS_DIR)/ClarityTV.app/$(BUNDLE_EXECUTABLE_FOLDER_PATH)/ClarityTV";
				TVOS_DEPLOYMENT_TARGET = 27.0;
			};
			name = Debug;
		};
		09987EDB2FE46B5600EDF7C1 /* Release */ = {
			isa = XCBuildConfiguration;
			buildSettings = {
				BUNDLE_LOADER = "$(TEST_HOST)";
				CODE_SIGN_STYLE = Automatic;
				CURRENT_PROJECT_VERSION = 1;
				DEVELOPMENT_TEAM = 457KDWNT7S;
				GENERATE_INFOPLIST_FILE = YES;
				MARKETING_VERSION = 1.0;
				PRODUCT_BUNDLE_IDENTIFIER = Main.ClarityTVTests;
				PRODUCT_NAME = "$(TARGET_NAME)";
				SDKROOT = appletvos;
				STRING_CATALOG_GENERATE_SYMBOLS = NO;
				SWIFT_APPROACHABLE_CONCURRENCY = YES;
				SWIFT_EMIT_LOC_STRINGS = NO;
				SWIFT_UPCOMING_FEATURE_MEMBER_IMPORT_VISIBILITY = YES;
				SWIFT_VERSION = 5.0;
				TARGETED_DEVICE_FAMILY = 3;
				TEST_HOST = "$(BUILT_PRODUCTS_DIR)/ClarityTV.app/$(BUNDLE_EXECUTABLE_FOLDER_PATH)/ClarityTV";
				TVOS_DEPLOYMENT_TARGET = 27.0;
			};
			name = Release;
		};
		09987EDC2FE46B5600EDF7C1 /* Debug */ = {
			isa = XCBuildConfiguration;
			buildSettings = {
				CODE_SIGN_STYLE = Automatic;
				CURRENT_PROJECT_VERSION = 1;
				DEVELOPMENT_TEAM = 457KDWNT7S;
				GENERATE_INFOPLIST_FILE = YES;
				MARKETING_VERSION = 1.0;
				PRODUCT_BUNDLE_IDENTIFIER = Main.ClarityTVUITests;
				PRODUCT_NAME = "$(TARGET_NAME)";
				SDKROOT = appletvos;
				STRING_CATALOG_GENERATE_SYMBOLS = NO;
				SWIFT_APPROACHABLE_CONCURRENCY = YES;
				SWIFT_EMIT_LOC_STRINGS = NO;
				SWIFT_UPCOMING_FEATURE_MEMBER_IMPORT_VISIBILITY = YES;
				SWIFT_VERSION = 5.0;
				TARGETED_DEVICE_FAMILY = 3;
				TEST_TARGET_NAME = ClarityTV;
				TVOS_DEPLOYMENT_TARGET = 27.0;
			};
			name = Debug;
		};
		09987EDD2FE46B5600EDF7C1 /* Release */ = {
			isa = XCBuildConfiguration;
			buildSettings = {
				CODE_SIGN_STYLE = Automatic;
				CURRENT_PROJECT_VERSION = 1;
				DEVELOPMENT_TEAM = 457KDWNT7S;
				GENERATE_INFOPLIST_FILE = YES;
				MARKETING_VERSION = 1.0;
				PRODUCT_BUNDLE_IDENTIFIER = Main.ClarityTVUITests;
				PRODUCT_NAME = "$(TARGET_NAME)";
				SDKROOT = appletvos;
				STRING_CATALOG_GENERATE_SYMBOLS = NO;
				SWIFT_APPROACHABLE_CONCURRENCY = YES;
				SWIFT_EMIT_LOC_STRINGS = NO;
				SWIFT_UPCOMING_FEATURE_MEMBER_IMPORT_VISIBILITY = YES;
				SWIFT_VERSION = 5.0;
				TARGETED_DEVICE_FAMILY = 3;
				TEST_TARGET_NAME = ClarityTV;
				TVOS_DEPLOYMENT_TARGET = 27.0;
			};
			name = Release;
		};
/* End XCBuildConfiguration section */

/* Begin XCConfigurationList section */
		096B03F52FCD05D9004A96A3 /* Build configuration list for PBXProject "CogniLink" */ = {
			isa = XCConfigurationList;
			buildConfigurations = (
				096B04192FCD05DC004A96A3 /* Debug */,
				096B041A2FCD05DC004A96A3 /* Release */,
			);
			defaultConfigurationIsVisible = 0;
			defaultConfigurationName = Release;
		};
		096B041B2FCD05DC004A96A3 /* Build configuration list for PBXNativeTarget "CogniLink" */ = {
			isa = XCConfigurationList;
			buildConfigurations = (
				096B041C2FCD05DC004A96A3 /* Debug */,
				096B041D2FCD05DC004A96A3 /* Release */,
			);
			defaultConfigurationIsVisible = 0;
			defaultConfigurationName = Release;
		};
		096B041E2FCD05DC004A96A3 /* Build configuration list for PBXNativeTarget "CogniLinkTests" */ = {
			isa = XCConfigurationList;
			buildConfigurations = (
				096B041F2FCD05DC004A96A3 /* Debug */,
				096B04202FCD05DC004A96A3 /* Release */,
			);
			defaultConfigurationIsVisible = 0;
			defaultConfigurationName = Release;
		};
		096B04212FCD05DC004A96A3 /* Build configuration list for PBXNativeTarget "CogniLinkUITests" */ = {
			isa = XCConfigurationList;
			buildConfigurations = (
				096B04222FCD05DC004A96A3 /* Debug */,
				096B04232FCD05DC004A96A3 /* Release */,
			);
			defaultConfigurationIsVisible = 0;
			defaultConfigurationName = Release;
		};
		09987EDE2FE46B5600EDF7C1 /* Build configuration list for PBXNativeTarget "ClarityTV" */ = {
			isa = XCConfigurationList;
			buildConfigurations = (
				09987ED82FE46B5600EDF7C1 /* Debug */,
				09987ED92FE46B5600EDF7C1 /* Release */,
			);
			defaultConfigurationIsVisible = 0;
			defaultConfigurationName = Release;
		};
		09987EDF2FE46B5600EDF7C1 /* Build configuration list for PBXNativeTarget "ClarityTVTests" */ = {
			isa = XCConfigurationList;
			buildConfigurations = (
				09987EDA2FE46B5600EDF7C1 /* Debug */,
				09987EDB2FE46B5600EDF7C1 /* Release */,
			);
			defaultConfigurationIsVisible = 0;
			defaultConfigurationName = Release;
		};
		09987EE02FE46B5600EDF7C1 /* Build configuration list for PBXNativeTarget "ClarityTVUITests" */ = {
			isa = XCConfigurationList;
			buildConfigurations = (
				09987EDC2FE46B5600EDF7C1 /* Debug */,
				09987EDD2FE46B5600EDF7C1 /* Release */,
			);
			defaultConfigurationIsVisible = 0;
			defaultConfigurationName = Release;
		};
/* End XCConfigurationList section */
	};
	rootObject = 096B03F22FCD05D9004A96A3 /* Project object */;
}
